{
    "name": "@kayahr/benchmark",
    "version": "1.0.0",
    "lockfileVersion": 3,
    "requires": true,
    "packages": {
        "": {
            "name": "@kayahr/benchmark",
            "version": "1.0.0",
            "license": "MIT",
            "dependencies": {
                "esbuild": "^0.27.0"
            },
            "devDependencies": {
                "@kayahr/assert": "1.3.2",
                "@kayahr/cspell": "9.2.2-bundle.1",
                "@kayahr/npm-utils": "1.1.1",
                "@kayahr/ntest": "1.3.0",
                "@kayahr/oxlint-config": "1.12.0",
                "@kayahr/typedoc": "0.28.14-bundle.2",
                "@types/node": "24.10.0",
                "happy-dom": "20.0.10",
                "typescript": "5.9.3"
            },
            "funding": {
                "url": "https://github.com/kayahr/benchmark?sponsor=1"
            }
        },
        "node_modules/@esbuild/aix-ppc64": {
            "version": "0.27.0",
            "resolved": "https://registry.npmjs.org/@esbuild/aix-ppc64/-/aix-ppc64-0.27.0.tgz",
            "integrity": "sha512-KuZrd2hRjz01y5JK9mEBSD3Vj3mbCvemhT466rSuJYeE/hjuBrHfjjcjMdTm/sz7au+++sdbJZJmuBwQLuw68A==",
            "cpu": [
                "ppc64"
            ],
            "license": "MIT",
            "optional": true,
            "os": [
                "aix"
            ],
            "engines": {
                "node": ">=18"
            }
        },
        "node_modules/@esbuild/android-arm": {
            "version": "0.27.0",
            "resolved": "https://registry.npmjs.org/@esbuild/android-arm/-/android-arm-0.27.0.tgz",
            "integrity": "sha512-j67aezrPNYWJEOHUNLPj9maeJte7uSMM6gMoxfPC9hOg8N02JuQi/T7ewumf4tNvJadFkvLZMlAq73b9uwdMyQ==",
            "cpu": [
                "arm"
            ],
            "license": "MIT",
            "optional": true,
            "os": [
                "android"
            ],
            "engines": {
                "node": ">=18"
            }
        },
        "node_modules/@esbuild/android-arm64": {
            "version": "0.27.0",
            "resolved": "https://registry.npmjs.org/@esbuild/android-arm64/-/android-arm64-0.27.0.tgz",
            "integrity": "sha512-CC3vt4+1xZrs97/PKDkl0yN7w8edvU2vZvAFGD16n9F0Cvniy5qvzRXjfO1l94efczkkQE6g1x0i73Qf5uthOQ==",
            "cpu": [
                "arm64"
            ],
            "license": "MIT",
            "optional": true,
            "os": [
                "android"
            ],
            "engines": {
                "node": ">=18"
            }
        },
        "node_modules/@esbuild/android-x64": {
            "version": "0.27.0",
            "resolved": "https://registry.npmjs.org/@esbuild/android-x64/-/android-x64-0.27.0.tgz",
            "integrity": "sha512-wurMkF1nmQajBO1+0CJmcN17U4BP6GqNSROP8t0X/Jiw2ltYGLHpEksp9MpoBqkrFR3kv2/te6Sha26k3+yZ9Q==",
            "cpu": [
                "x64"
            ],
            "license": "MIT",
            "optional": true,
            "os": [
                "android"
            ],
            "engines": {
                "node": ">=18"
            }
        },
        "node_modules/@esbuild/darwin-arm64": {
            "version": "0.27.0",
            "resolved": "https://registry.npmjs.org/@esbuild/darwin-arm64/-/darwin-arm64-0.27.0.tgz",
            "integrity": "sha512-uJOQKYCcHhg07DL7i8MzjvS2LaP7W7Pn/7uA0B5S1EnqAirJtbyw4yC5jQ5qcFjHK9l6o/MX9QisBg12kNkdHg==",
            "cpu": [
                "arm64"
            ],
            "license": "MIT",
            "optional": true,
            "os": [
                "darwin"
            ],
            "engines": {
                "node": ">=18"
            }
        },
        "node_modules/@esbuild/darwin-x64": {
            "version": "0.27.0",
            "resolved": "https://registry.npmjs.org/@esbuild/darwin-x64/-/darwin-x64-0.27.0.tgz",
            "integrity": "sha512-8mG6arH3yB/4ZXiEnXof5MK72dE6zM9cDvUcPtxhUZsDjESl9JipZYW60C3JGreKCEP+p8P/72r69m4AZGJd5g==",
            "cpu": [
                "x64"
            ],
            "license": "MIT",
            "optional": true,
            "os": [
                "darwin"
            ],
            "engines": {
                "node": ">=18"
            }
        },
        "node_modules/@esbuild/freebsd-arm64": {
            "version": "0.27.0",
            "resolved": "https://registry.npmjs.org/@esbuild/freebsd-arm64/-/freebsd-arm64-0.27.0.tgz",
            "integrity": "sha512-9FHtyO988CwNMMOE3YIeci+UV+x5Zy8fI2qHNpsEtSF83YPBmE8UWmfYAQg6Ux7Gsmd4FejZqnEUZCMGaNQHQw==",
            "cpu": [
                "arm64"
            ],
            "license": "MIT",
            "optional": true,
            "os": [
                "freebsd"
            ],
            "engines": {
                "node": ">=18"
            }
        },
        "node_modules/@esbuild/freebsd-x64": {
            "version": "0.27.0",
            "resolved": "https://registry.npmjs.org/@esbuild/freebsd-x64/-/freebsd-x64-0.27.0.tgz",
            "integrity": "sha512-zCMeMXI4HS/tXvJz8vWGexpZj2YVtRAihHLk1imZj4efx1BQzN76YFeKqlDr3bUWI26wHwLWPd3rwh6pe4EV7g==",
            "cpu": [
                "x64"
            ],
            "license": "MIT",
            "optional": true,
            "os": [
                "freebsd"
            ],
            "engines": {
                "node": ">=18"
            }
        },
        "node_modules/@esbuild/linux-arm": {
            "version": "0.27.0",
            "resolved": "https://registry.npmjs.org/@esbuild/linux-arm/-/linux-arm-0.27.0.tgz",
            "integrity": "sha512-t76XLQDpxgmq2cNXKTVEB7O7YMb42atj2Re2Haf45HkaUpjM2J0UuJZDuaGbPbamzZ7bawyGFUkodL+zcE+jvQ==",
            "cpu": [
                "arm"
            ],
            "license": "MIT",
            "optional": true,
            "os": [
                "linux"
            ],
            "engines": {
                "node": ">=18"
            }
        },
        "node_modules/@esbuild/linux-arm64": {
            "version": "0.27.0",
            "resolved": "https://registry.npmjs.org/@esbuild/linux-arm64/-/linux-arm64-0.27.0.tgz",
            "integrity": "sha512-AS18v0V+vZiLJyi/4LphvBE+OIX682Pu7ZYNsdUHyUKSoRwdnOsMf6FDekwoAFKej14WAkOef3zAORJgAtXnlQ==",
            "cpu": [
                "arm64"
            ],
            "license": "MIT",
            "optional": true,
            "os": [
                "linux"
            ],
            "engines": {
                "node": ">=18"
            }
        },
        "node_modules/@esbuild/linux-ia32": {
            "version": "0.27.0",
            "resolved": "https://registry.npmjs.org/@esbuild/linux-ia32/-/linux-ia32-0.27.0.tgz",
            "integrity": "sha512-Mz1jxqm/kfgKkc/KLHC5qIujMvnnarD9ra1cEcrs7qshTUSksPihGrWHVG5+osAIQ68577Zpww7SGapmzSt4Nw==",
            "cpu": [
                "ia32"
            ],
            "license": "MIT",
            "optional": true,
            "os": [
                "linux"
            ],
            "engines": {
                "node": ">=18"
            }
        },
        "node_modules/@esbuild/linux-loong64": {
            "version": "0.27.0",
            "resolved": "https://registry.npmjs.org/@esbuild/linux-loong64/-/linux-loong64-0.27.0.tgz",
            "integrity": "sha512-QbEREjdJeIreIAbdG2hLU1yXm1uu+LTdzoq1KCo4G4pFOLlvIspBm36QrQOar9LFduavoWX2msNFAAAY9j4BDg==",
            "cpu": [
                "loong64"
            ],
            "license": "MIT",
            "optional": true,
            "os": [
                "linux"
            ],
            "engines": {
                "node": ">=18"
            }
        },
        "node_modules/@esbuild/linux-mips64el": {
            "version": "0.27.0",
            "resolved": "https://registry.npmjs.org/@esbuild/linux-mips64el/-/linux-mips64el-0.27.0.tgz",
            "integrity": "sha512-sJz3zRNe4tO2wxvDpH/HYJilb6+2YJxo/ZNbVdtFiKDufzWq4JmKAiHy9iGoLjAV7r/W32VgaHGkk35cUXlNOg==",
            "cpu": [
                "mips64el"
            ],
            "license": "MIT",
            "optional": true,
            "os": [
                "linux"
            ],
            "engines": {
                "node": ">=18"
            }
        },
        "node_modules/@esbuild/linux-ppc64": {
            "version": "0.27.0",
            "resolved": "https://registry.npmjs.org/@esbuild/linux-ppc64/-/linux-ppc64-0.27.0.tgz",
            "integrity": "sha512-z9N10FBD0DCS2dmSABDBb5TLAyF1/ydVb+N4pi88T45efQ/w4ohr/F/QYCkxDPnkhkp6AIpIcQKQ8F0ANoA2JA==",
            "cpu": [
                "ppc64"
            ],
            "license": "MIT",
            "optional": true,
            "os": [
                "linux"
            ],
            "engines": {
                "node": ">=18"
            }
        },
        "node_modules/@esbuild/linux-riscv64": {
            "version": "0.27.0",
            "resolved": "https://registry.npmjs.org/@esbuild/linux-riscv64/-/linux-riscv64-0.27.0.tgz",
            "integrity": "sha512-pQdyAIZ0BWIC5GyvVFn5awDiO14TkT/19FTmFcPdDec94KJ1uZcmFs21Fo8auMXzD4Tt+diXu1LW1gHus9fhFQ==",
            "cpu": [
                "riscv64"
            ],
            "license": "MIT",
            "optional": true,
            "os": [
                "linux"
            ],
            "engines": {
                "node": ">=18"
            }
        },
        "node_modules/@esbuild/linux-s390x": {
            "version": "0.27.0",
            "resolved": "https://registry.npmjs.org/@esbuild/linux-s390x/-/linux-s390x-0.27.0.tgz",
            "integrity": "sha512-hPlRWR4eIDDEci953RI1BLZitgi5uqcsjKMxwYfmi4LcwyWo2IcRP+lThVnKjNtk90pLS8nKdroXYOqW+QQH+w==",
            "cpu": [
                "s390x"
            ],
            "license": "MIT",
            "optional": true,
            "os": [
                "linux"
            ],
            "engines": {
                "node": ">=18"
            }
        },
        "node_modules/@esbuild/linux-x64": {
            "version": "0.27.0",
            "resolved": "https://registry.npmjs.org/@esbuild/linux-x64/-/linux-x64-0.27.0.tgz",
            "integrity": "sha512-1hBWx4OUJE2cab++aVZ7pObD6s+DK4mPGpemtnAORBvb5l/g5xFGk0vc0PjSkrDs0XaXj9yyob3d14XqvnQ4gw==",
            "cpu": [
                "x64"
            ],
            "license": "MIT",
            "optional": true,
            "os": [
                "linux"
            ],
            "engines": {
                "node": ">=18"
            }
        },
        "node_modules/@esbuild/netbsd-arm64": {
            "version": "0.27.0",
            "resolved": "https://registry.npmjs.org/@esbuild/netbsd-arm64/-/netbsd-arm64-0.27.0.tgz",
            "integrity": "sha512-6m0sfQfxfQfy1qRuecMkJlf1cIzTOgyaeXaiVaaki8/v+WB+U4hc6ik15ZW6TAllRlg/WuQXxWj1jx6C+dfy3w==",
            "cpu": [
                "arm64"
            ],
            "license": "MIT",
            "optional": true,
            "os": [
                "netbsd"
            ],
            "engines": {
                "node": ">=18"
            }
        },
        "node_modules/@esbuild/netbsd-x64": {
            "version": "0.27.0",
            "resolved": "https://registry.npmjs.org/@esbuild/netbsd-x64/-/netbsd-x64-0.27.0.tgz",
            "integrity": "sha512-xbbOdfn06FtcJ9d0ShxxvSn2iUsGd/lgPIO2V3VZIPDbEaIj1/3nBBe1AwuEZKXVXkMmpr6LUAgMkLD/4D2PPA==",
            "cpu": [
                "x64"
            ],
            "license": "MIT",
            "optional": true,
            "os": [
                "netbsd"
            ],
            "engines": {
                "node": ">=18"
            }
        },
        "node_modules/@esbuild/openbsd-arm64": {
            "version": "0.27.0",
            "resolved": "https://registry.npmjs.org/@esbuild/openbsd-arm64/-/openbsd-arm64-0.27.0.tgz",
            "integrity": "sha512-fWgqR8uNbCQ/GGv0yhzttj6sU/9Z5/Sv/VGU3F5OuXK6J6SlriONKrQ7tNlwBrJZXRYk5jUhuWvF7GYzGguBZQ==",
            "cpu": [
                "arm64"
            ],
            "license": "MIT",
            "optional": true,
            "os": [
                "openbsd"
            ],
            "engines": {
                "node": ">=18"
            }
        },
        "node_modules/@esbuild/openbsd-x64": {
            "version": "0.27.0",
            "resolved": "https://registry.npmjs.org/@esbuild/openbsd-x64/-/openbsd-x64-0.27.0.tgz",
            "integrity": "sha512-aCwlRdSNMNxkGGqQajMUza6uXzR/U0dIl1QmLjPtRbLOx3Gy3otfFu/VjATy4yQzo9yFDGTxYDo1FfAD9oRD2A==",
            "cpu": [
                "x64"
            ],
            "license": "MIT",
            "optional": true,
            "os": [
                "openbsd"
            ],
            "engines": {
                "node": ">=18"
            }
        },
        "node_modules/@esbuild/openharmony-arm64": {
            "version": "0.27.0",
            "resolved": "https://registry.npmjs.org/@esbuild/openharmony-arm64/-/openharmony-arm64-0.27.0.tgz",
            "integrity": "sha512-nyvsBccxNAsNYz2jVFYwEGuRRomqZ149A39SHWk4hV0jWxKM0hjBPm3AmdxcbHiFLbBSwG6SbpIcUbXjgyECfA==",
            "cpu": [
                "arm64"
            ],
            "license": "MIT",
            "optional": true,
            "os": [
                "openharmony"
            ],
            "engines": {
                "node": ">=18"
            }
        },
        "node_modules/@esbuild/sunos-x64": {
            "version": "0.27.0",
            "resolved": "https://registry.npmjs.org/@esbuild/sunos-x64/-/sunos-x64-0.27.0.tgz",
            "integrity": "sha512-Q1KY1iJafM+UX6CFEL+F4HRTgygmEW568YMqDA5UV97AuZSm21b7SXIrRJDwXWPzr8MGr75fUZPV67FdtMHlHA==",
            "cpu": [
                "x64"
            ],
            "license": "MIT",
            "optional": true,
            "os": [
                "sunos"
            ],
            "engines": {
                "node": ">=18"
            }
        },
        "node_modules/@esbuild/win32-arm64": {
            "version": "0.27.0",
            "resolved": "https://registry.npmjs.org/@esbuild/win32-arm64/-/win32-arm64-0.27.0.tgz",
            "integrity": "sha512-W1eyGNi6d+8kOmZIwi/EDjrL9nxQIQ0MiGqe/AWc6+IaHloxHSGoeRgDRKHFISThLmsewZ5nHFvGFWdBYlgKPg==",
            "cpu": [
                "arm64"
            ],
            "license": "MIT",
            "optional": true,
            "os": [
                "win32"
            ],
            "engines": {
                "node": ">=18"
            }
        },
        "node_modules/@esbuild/win32-ia32": {
            "version": "0.27.0",
            "resolved": "https://registry.npmjs.org/@esbuild/win32-ia32/-/win32-ia32-0.27.0.tgz",
            "integrity": "sha512-30z1aKL9h22kQhilnYkORFYt+3wp7yZsHWus+wSKAJR8JtdfI76LJ4SBdMsCopTR3z/ORqVu5L1vtnHZWVj4cQ==",
            "cpu": [
                "ia32"
            ],
            "license": "MIT",
            "optional": true,
            "os": [
                "win32"
            ],
            "engines": {
                "node": ">=18"
            }
        },
        "node_modules/@esbuild/win32-x64": {
            "version": "0.27.0",
            "resolved": "https://registry.npmjs.org/@esbuild/win32-x64/-/win32-x64-0.27.0.tgz",
            "integrity": "sha512-aIitBcjQeyOhMTImhLZmtxfdOcuNRpwlPNmlFKPcHQYPhEssw75Cl1TSXJXpMkzaua9FUetx/4OQKq7eJul5Cg==",
            "cpu": [
                "x64"
            ],
            "license": "MIT",
            "optional": true,
            "os": [
                "win32"
            ],
            "engines": {
                "node": ">=18"
            }
        },
        "node_modules/@kayahr/assert": {
            "version": "1.3.2",
            "resolved": "https://registry.npmjs.org/@kayahr/assert/-/assert-1.3.2.tgz",
            "integrity": "sha512-QSHL9y1FejO3c4Vn29UZq7U7KqM5AeN14VshSZxNa7x5de24ET5Lzyps+pkfBJpUPr+APDJugvhvhgYVgzTAVA==",
            "dev": true,
            "license": "MIT",
            "funding": {
                "url": "https://github.com/kayahr/assert?sponsor=1"
            }
        },
        "node_modules/@kayahr/cspell": {
            "version": "9.2.2-bundle.1",
            "resolved": "https://registry.npmjs.org/@kayahr/cspell/-/cspell-9.2.2-bundle.1.tgz",
            "integrity": "sha512-FaM6FegFA2mGnxF+1bXhE12Iy7wLX25jacokka3jqDEwY5deWhJWF/qK7SFu8pMXTewVvhOmRK2xejALQAbgQw==",
            "dev": true,
            "license": "MIT",
            "bin": {
                "cspell": "lib/cspell.js"
            },
            "funding": {
                "url": "https://github.com/kayahr/cspell?sponsor=1"
            }
        },
        "node_modules/@kayahr/npm-utils": {
            "version": "1.1.1",
            "resolved": "https://registry.npmjs.org/@kayahr/npm-utils/-/npm-utils-1.1.1.tgz",
            "integrity": "sha512-7cSe8zhgYsMcolrlmRGpAXO/FkpaIl6fEsdgXKt2OA1ozxByjdPSrjFDMsI3zOaPM0wWulYmlIKhFKVzlW0z4g==",
            "dev": true,
            "license": "MIT",
            "bin": {
                "cp": "lib/main/cp.js",
                "rm": "lib/main/rm.js",
                "run": "lib/main/run.js"
            },
            "engines": {
                "node": ">=22.18.0"
            },
            "funding": {
                "url": "https://github.com/kayahr/npm-utils?sponsor=1"
            }
        },
        "node_modules/@kayahr/ntest": {
            "version": "1.3.0",
            "resolved": "https://registry.npmjs.org/@kayahr/ntest/-/ntest-1.3.0.tgz",
            "integrity": "sha512-75QPbxtyugisGCFSeDbLuPaijUMDoyqtcPQapZuWb/l+hzVEHJvhDWZVVvLNv5i2JTDYE4AF84MmF5qXTbwslg==",
            "dev": true,
            "license": "MIT",
            "bin": {
                "ntest": "lib/main/ntest.js"
            },
            "engines": {
                "node": ">=22.18.0"
            },
            "funding": {
                "url": "https://github.com/kayahr/ntest?sponsor=1"
            }
        },
        "node_modules/@kayahr/oxlint-config": {
            "version": "1.12.0",
            "resolved": "https://registry.npmjs.org/@kayahr/oxlint-config/-/oxlint-config-1.12.0.tgz",
            "integrity": "sha512-z9TSU2UuJky1yMs3fyVdJLWPD89YxLjy+/7g9mjcD0a/7weYGQzInuwzmTBhqF8WkFuYsGuEZmgKnObdFgsgQA==",
            "dev": true,
            "license": "MIT",
            "dependencies": {
                "oxlint": "^1.25.0",
                "oxlint-tsgolint": "^0.5.0"
            },
            "funding": {
                "url": "https://github.com/kayahr/oxlint-config?sponsor=1"
            }
        },
        "node_modules/@kayahr/typedoc": {
            "version": "0.28.14-bundle.2",
            "resolved": "https://registry.npmjs.org/@kayahr/typedoc/-/typedoc-0.28.14-bundle.2.tgz",
            "integrity": "sha512-ASInMQhpzksEY9e7SS8qeCTGkIzfXtsTkZSouyAdQ6r0L7gJKQIlVj4ximgrGGRA3F4WE710METoIZRybhRKuA==",
            "dev": true,
            "license": "MIT",
            "bin": {
                "typedoc": "lib/bin/cli.js"
            },
            "funding": {
                "url": "https://github.com/kayahr/typedoc?sponsor=1"
            }
        },
        "node_modules/@oxlint-tsgolint/darwin-arm64": {
            "version": "0.5.0",
            "resolved": "https://registry.npmjs.org/@oxlint-tsgolint/darwin-arm64/-/darwin-arm64-0.5.0.tgz",
            "integrity": "sha512-OjNuyBRlxqUgcvlc51Ab38tjRWN+gBSV6Z2004hgfbt6w7RoX6ITA6v3KYQzovCfa4Ne8l+XbhVf9y9PtLipgQ==",
            "cpu": [
                "arm64"
            ],
            "dev": true,
            "license": "MIT",
            "optional": true,
            "os": [
                "darwin"
            ]
        },
        "node_modules/@oxlint-tsgolint/darwin-x64": {
            "version": "0.5.0",
            "resolved": "https://registry.npmjs.org/@oxlint-tsgolint/darwin-x64/-/darwin-x64-0.5.0.tgz",
            "integrity": "sha512-KiKVKe8dd52O1vfnrE4ffyv/bJDG7RtkZiv5/lrMV0r9USL/VKN80qNtYgdzaf64WOUegAgRdWs++DZXGjYGbA==",
            "cpu": [
                "x64"
            ],
            "dev": true,
            "license": "MIT",
            "optional": true,
            "os": [
                "darwin"
            ]
        },
        "node_modules/@oxlint-tsgolint/linux-arm64": {
            "version": "0.5.0",
            "resolved": "https://registry.npmjs.org/@oxlint-tsgolint/linux-arm64/-/linux-arm64-0.5.0.tgz",
            "integrity": "sha512-10Rd1GVW+Z8pd9zxpWBtRt8ur3pUXZf05iDw3Py9VyPYYpkupXLhAS0T42HLz62qHSmh79XKfDFvMOQqjVzTxQ==",
            "cpu": [
                "arm64"
            ],
            "dev": true,
            "license": "MIT",
            "optional": true,
            "os": [
                "linux"
            ]
        },
        "node_modules/@oxlint-tsgolint/linux-x64": {
            "version": "0.5.0",
            "resolved": "https://registry.npmjs.org/@oxlint-tsgolint/linux-x64/-/linux-x64-0.5.0.tgz",
            "integrity": "sha512-bj4YUqn7M3vLWELwQ9Y0mrdiV9Elvj/oVCs7meperiIV5FHM29of74ePupKzWp645iJB+gj7jA/OlhCvT4Exug==",
            "cpu": [
                "x64"
            ],
            "dev": true,
            "license": "MIT",
            "optional": true,
            "os": [
                "linux"
            ]
        },
        "node_modules/@oxlint-tsgolint/win32-arm64": {
            "version": "0.5.0",
            "resolved": "https://registry.npmjs.org/@oxlint-tsgolint/win32-arm64/-/win32-arm64-0.5.0.tgz",
            "integrity": "sha512-SqNClNZjFFQlnLFmzjKxTuEEJOCT0v7aamkaxtG4ek5uBRUKuN8sAwWesS06yQ3t5JMg0vPLB2fs9xJcM+VdmQ==",
            "cpu": [
                "arm64"
            ],
            "dev": true,
            "license": "MIT",
            "optional": true,
            "os": [
                "win32"
            ]
        },
        "node_modules/@oxlint-tsgolint/win32-x64": {
            "version": "0.5.0",
            "resolved": "https://registry.npmjs.org/@oxlint-tsgolint/win32-x64/-/win32-x64-0.5.0.tgz",
            "integrity": "sha512-pEsrzV6VM3Eo41AQavoLzNLE1nMWYNtHYUPkzBzkUZMinklWDsdLpRDYX2fw58W7mEyY0NR6T9a+Hn/qI8/aaQ==",
            "cpu": [
                "x64"
            ],
            "dev": true,
            "license": "MIT",
            "optional": true,
            "os": [
                "win32"
            ]
        },
        "node_modules/@oxlint/darwin-arm64": {
            "version": "1.25.0",
            "resolved": "https://registry.npmjs.org/@oxlint/darwin-arm64/-/darwin-arm64-1.25.0.tgz",
            "integrity": "sha512-OLx4XyUv5SO7k8y5FzJIoTKan+iKK53T1Ws8fBIl4zblUIWI66ZIqSVG2A2rxOBA7XfINqCz8UipGzOW9yzKcg==",
            "cpu": [
                "arm64"
            ],
            "dev": true,
            "license": "MIT",
            "optional": true,
            "os": [
                "darwin"
            ]
        },
        "node_modules/@oxlint/darwin-x64": {
            "version": "1.25.0",
            "resolved": "https://registry.npmjs.org/@oxlint/darwin-x64/-/darwin-x64-1.25.0.tgz",
            "integrity": "sha512-srndNPiliA0rchYKqYfOdqA9kqyVQ6YChK3XJe9Lxo/YG8tTJ5K65g2A5SHTT2s1Nm5DnQa5AKZH7w+7KI/m8A==",
            "cpu": [
                "x64"
            ],
            "dev": true,
            "license": "MIT",
            "optional": true,
            "os": [
                "darwin"
            ]
        },
        "node_modules/@oxlint/linux-arm64-gnu": {
            "version": "1.25.0",
            "resolved": "https://registry.npmjs.org/@oxlint/linux-arm64-gnu/-/linux-arm64-gnu-1.25.0.tgz",
            "integrity": "sha512-W9+DnHDbygprpGV586BolwWES+o2raOcSJv404nOFPQjWZ09efG24nuXrg/fpyoMQb4YoW2W1fvlnyMVU+ADcw==",
            "cpu": [
                "arm64"
            ],
            "dev": true,
            "license": "MIT",
            "optional": true,
            "os": [
                "linux"
            ]
        },
        "node_modules/@oxlint/linux-arm64-musl": {
            "version": "1.25.0",
            "resolved": "https://registry.npmjs.org/@oxlint/linux-arm64-musl/-/linux-arm64-musl-1.25.0.tgz",
            "integrity": "sha512-1tIMpQhKlItm7uKzs3lluG7KorZR5ItoNKd1iFYF/IPmZ+i0/iuZ7MVWXRjBcgQMhMYSdfZpSVEdFKcFz2HDxA==",
            "cpu": [
                "arm64"
            ],
            "dev": true,
            "license": "MIT",
            "optional": true,
            "os": [
                "linux"
            ]
        },
        "node_modules/@oxlint/linux-x64-gnu": {
            "version": "1.25.0",
            "resolved": "https://registry.npmjs.org/@oxlint/linux-x64-gnu/-/linux-x64-gnu-1.25.0.tgz",
            "integrity": "sha512-xVkmk/zkIulc5o0OUWY04DyBfKotnq9+60O9I5c0DpdKAELVLhZkLmct0apx3jAX6Z/3yYPzhc6Lw1Ia3jU3VQ==",
            "cpu": [
                "x64"
            ],
            "dev": true,
            "license": "MIT",
            "optional": true,
            "os": [
                "linux"
            ]
        },
        "node_modules/@oxlint/linux-x64-musl": {
            "version": "1.25.0",
            "resolved": "https://registry.npmjs.org/@oxlint/linux-x64-musl/-/linux-x64-musl-1.25.0.tgz",
            "integrity": "sha512-IeO10dZosJV58YzN0gckhRYac+FM9s5VCKUx2ghgbKR91z/bpSRcRl8Sy5cWTkcVwu3ZTikhK8aXC6j7XIqKNw==",
            "cpu": [
                "x64"
            ],
            "dev": true,
            "license": "MIT",
            "optional": true,
            "os": [
                "linux"
            ]
        },
        "node_modules/@oxlint/win32-arm64": {
            "version": "1.25.0",
            "resolved": "https://registry.npmjs.org/@oxlint/win32-arm64/-/win32-arm64-1.25.0.tgz",
            "integrity": "sha512-mpdiXZm2oNuSQAbTEPRDuSeR6v1DCD7Cl/xouR2ggHZu3AKZ4XYmm29hyrzIxrYVoQ/5j+182TGdOpGYn9xQJg==",
            "cpu": [
                "arm64"
            ],
            "dev": true,
            "license": "MIT",
            "optional": true,
            "os": [
                "win32"
            ]
        },
        "node_modules/@oxlint/win32-x64": {
            "version": "1.25.0",
            "resolved": "https://registry.npmjs.org/@oxlint/win32-x64/-/win32-x64-1.25.0.tgz",
            "integrity": "sha512-opoIACOkcFloWQO6dubBLbcWwW52ML8+3deFdr0WE0PeM9UXdLB0jRMuLsEnplmBoy9TRvmxDJ+Pw8xc2PsOfQ==",
            "cpu": [
                "x64"
            ],
            "dev": true,
            "license": "MIT",
            "optional": true,
            "os": [
                "win32"
            ]
        },
        "node_modules/@types/node": {
            "version": "24.10.0",
            "resolved": "https://registry.npmjs.org/@types/node/-/node-24.10.0.tgz",
            "integrity": "sha512-qzQZRBqkFsYyaSWXuEHc2WR9c0a0CXwiE5FWUvn7ZM+vdy1uZLfCunD38UzhuB7YN/J11ndbDBcTmOdxJo9Q7A==",
            "dev": true,
            "license": "MIT",
            "dependencies": {
                "undici-types": "~7.16.0"
            }
        },
        "node_modules/@types/whatwg-mimetype": {
            "version": "3.0.2",
            "resolved": "https://registry.npmjs.org/@types/whatwg-mimetype/-/whatwg-mimetype-3.0.2.tgz",
            "integrity": "sha512-c2AKvDT8ToxLIOUlN51gTiHXflsfIFisS4pO7pDPoKouJCESkhZnEy623gwP9laCy5lnLDAw1vAzu2vM2YLOrA==",
            "dev": true,
            "license": "MIT"
        },
        "node_modules/esbuild": {
            "version": "0.27.0",
            "resolved": "https://registry.npmjs.org/esbuild/-/esbuild-0.27.0.tgz",
            "integrity": "sha512-jd0f4NHbD6cALCyGElNpGAOtWxSq46l9X/sWB0Nzd5er4Kz2YTm+Vl0qKFT9KUJvD8+fiO8AvoHhFvEatfVixA==",
            "hasInstallScript": true,
            "license": "MIT",
            "bin": {
                "esbuild": "bin/esbuild"
            },
            "engines": {
                "node": ">=18"
            },
            "optionalDependencies": {
                "@esbuild/aix-ppc64": "0.27.0",
                "@esbuild/android-arm": "0.27.0",
                "@esbuild/android-arm64": "0.27.0",
                "@esbuild/android-x64": "0.27.0",
                "@esbuild/darwin-arm64": "0.27.0",
                "@esbuild/darwin-x64": "0.27.0",
                "@esbuild/freebsd-arm64": "0.27.0",
                "@esbuild/freebsd-x64": "0.27.0",
                "@esbuild/linux-arm": "0.27.0",
                "@esbuild/linux-arm64": "0.27.0",
                "@esbuild/linux-ia32": "0.27.0",
                "@esbuild/linux-loong64": "0.27.0",
                "@esbuild/linux-mips64el": "0.27.0",
                "@esbuild/linux-ppc64": "0.27.0",
                "@esbuild/linux-riscv64": "0.27.0",
                "@esbuild/linux-s390x": "0.27.0",
                "@esbuild/linux-x64": "0.27.0",
                "@esbuild/netbsd-arm64": "0.27.0",
                "@esbuild/netbsd-x64": "0.27.0",
                "@esbuild/openbsd-arm64": "0.27.0",
                "@esbuild/openbsd-x64": "0.27.0",
                "@esbuild/openharmony-arm64": "0.27.0",
                "@esbuild/sunos-x64": "0.27.0",
                "@esbuild/win32-arm64": "0.27.0",
                "@esbuild/win32-ia32": "0.27.0",
                "@esbuild/win32-x64": "0.27.0"
            }
        },
        "node_modules/happy-dom": {
            "version": "20.0.10",
            "resolved": "https://registry.npmjs.org/happy-dom/-/happy-dom-20.0.10.tgz",
            "integrity": "sha512-6umCCHcjQrhP5oXhrHQQvLB0bwb1UzHAHdsXy+FjtKoYjUhmNZsQL8NivwM1vDvNEChJabVrUYxUnp/ZdYmy2g==",
            "dev": true,
            "license": "MIT",
            "dependencies": {
                "@types/node": "^20.0.0",
                "@types/whatwg-mimetype": "^3.0.2",
                "whatwg-mimetype": "^3.0.0"
            },
            "engines": {
                "node": ">=20.0.0"
            }
        },
        "node_modules/happy-dom/node_modules/@types/node": {
            "version": "20.19.24",
            "resolved": "https://registry.npmjs.org/@types/node/-/node-20.19.24.tgz",
            "integrity": "sha512-FE5u0ezmi6y9OZEzlJfg37mqqf6ZDSF2V/NLjUyGrR9uTZ7Sb9F7bLNZ03S4XVUNRWGA7Ck4c1kK+YnuWjl+DA==",
            "dev": true,
            "license": "MIT",
            "dependencies": {
                "undici-types": "~6.21.0"
            }
        },
        "node_modules/happy-dom/node_modules/undici-types": {
            "version": "6.21.0",
            "resolved": "https://registry.npmjs.org/undici-types/-/undici-types-6.21.0.tgz",
            "integrity": "sha512-iwDZqg0QAGrg9Rav5H4n0M64c3mkR59cJ6wQp+7C4nI0gsmExaedaYLNO44eT4AtBBwjbTiGPMlt2Md0T9H9JQ==",
            "dev": true,
            "license": "MIT"
        },
        "node_modules/oxlint": {
            "version": "1.25.0",
            "resolved": "https://registry.npmjs.org/oxlint/-/oxlint-1.25.0.tgz",
            "integrity": "sha512-O6iJ9xeuy9eQCi8/EghvsNO6lzSaUPs0FR1uLy51Exp3RkVpjvJKyPPhd9qv65KLnfG/BNd2HE/rH0NbEfVVzA==",
            "dev": true,
            "license": "MIT",
            "bin": {
                "oxc_language_server": "bin/oxc_language_server",
                "oxlint": "bin/oxlint"
            },
            "engines": {
                "node": "^20.19.0 || >=22.12.0"
            },
            "funding": {
                "url": "https://github.com/sponsors/Boshen"
            },
            "optionalDependencies": {
                "@oxlint/darwin-arm64": "1.25.0",
                "@oxlint/darwin-x64": "1.25.0",
                "@oxlint/linux-arm64-gnu": "1.25.0",
                "@oxlint/linux-arm64-musl": "1.25.0",
                "@oxlint/linux-x64-gnu": "1.25.0",
                "@oxlint/linux-x64-musl": "1.25.0",
                "@oxlint/win32-arm64": "1.25.0",
                "@oxlint/win32-x64": "1.25.0"
            },
            "peerDependencies": {
                "oxlint-tsgolint": ">=0.4.0"
            },
            "peerDependenciesMeta": {
                "oxlint-tsgolint": {
                    "optional": true
                }
            }
        },
        "node_modules/oxlint-tsgolint": {
            "version": "0.5.0",
            "resolved": "https://registry.npmjs.org/oxlint-tsgolint/-/oxlint-tsgolint-0.5.0.tgz",
            "integrity": "sha512-uRiGb48QVSY2PqPCgAOoYySZM8OKSXTTSHFuF0HeW3tUhefdj/wyHWeZzFfbIU+dSDgMEkG9HVE/WBeT1nc+bA==",
            "dev": true,
            "license": "MIT",
            "bin": {
                "tsgolint": "bin/tsgolint.js"
            },
            "optionalDependencies": {
                "@oxlint-tsgolint/darwin-arm64": "0.5.0",
                "@oxlint-tsgolint/darwin-x64": "0.5.0",
                "@oxlint-tsgolint/linux-arm64": "0.5.0",
                "@oxlint-tsgolint/linux-x64": "0.5.0",
                "@oxlint-tsgolint/win32-arm64": "0.5.0",
                "@oxlint-tsgolint/win32-x64": "0.5.0"
            }
        },
        "node_modules/typescript": {
            "version": "5.9.3",
            "resolved": "https://registry.npmjs.org/typescript/-/typescript-5.9.3.tgz",
            "integrity": "sha512-jl1vZzPDinLr9eUt3J/t7V6FgNEw9QjvBPdysz9KfQDD41fQrC2Y4vKQdiaUpFT4bXlb1RHhLpp8wtm6M5TgSw==",
            "dev": true,
            "license": "Apache-2.0",
            "bin": {
                "tsc": "bin/tsc",
                "tsserver": "bin/tsserver"
            },
            "engines": {
                "node": ">=14.17"
            }
        },
        "node_modules/undici-types": {
            "version": "7.16.0",
            "resolved": "https://registry.npmjs.org/undici-types/-/undici-types-7.16.0.tgz",
            "integrity": "sha512-Zz+aZWSj8LE6zoxD+xrjh4VfkIG8Ya6LvYkZqtUQGJPZjYl53ypCaUwWqo7eI0x66KBGeRo+mlBEkMSeSZ38Nw==",
            "dev": true,
            "license": "MIT"
        },
        "node_modules/whatwg-mimetype": {
            "version": "3.0.0",
            "resolved": "https://registry.npmjs.org/whatwg-mimetype/-/whatwg-mimetype-3.0.0.tgz",
            "integrity": "sha512-nt+N2dzIutVRxARx1nghPKGv1xHikU7HKdfafKkLNLindmPU/ch3U31NOCGGA/dmPcmb1VlofO0vnKAcsm0o/Q==",
            "dev": true,
            "license": "MIT",
            "engines": {
                "node": ">=12"
            }
        }
    }
}
